// !$*UTF8*$!
{
	archiveVersion = 1;
	classes = {
	};
	objectVersion = 50;
	objects = {

/* Begin PBXBuildFile section */
		EB004D2D24EE0F83001A52D4 /* AppDelegate.swift in Sources */ = {isa = PBXBuildFile; fileRef = EB004D2C24EE0F83001A52D4 /* AppDelegate.swift */; };
		EB004D2F24EE0F83001A52D4 /* SceneDelegate.swift in Sources */ = {isa = PBXBuildFile; fileRef = EB004D2E24EE0F83001A52D4 /* SceneDelegate.swift */; };
		EB004D3124EE0F83001A52D4 /* ViewController.swift in Sources */ = {isa = PBXBuildFile; fileRef = EB004D3024EE0F83001A52D4 /* ViewController.swift */; };
		EB004D3424EE0F83001A52D4 /* Main.storyboard in Resources */ = {isa = PBXBuildFile; fileRef = EB004D3224EE0F83001A52D4 /* Main.storyboard */; };
		EB004D3624EE0F84001A52D4 /* Assets.xcassets in Resources */ = {isa = PBXBuildFile; fileRef = EB004D3524EE0F84001A52D4 /* Assets.xcassets */; };
		EB004D3924EE0F84001A52D4 /* LaunchScreen.storyboard in Resources */ = {isa = PBXBuildFile; fileRef = EB004D3724EE0F84001A52D4 /* LaunchScreen.storyboard */; };
		EB0A53B524EF6B2900E4F0B5 /* WeatherModel.swift in Sources */ = {isa = PBXBuildFile; fileRef = EB0A53B424EF6B2900E4F0B5 /* WeatherModel.swift */; };
		EB692C7624EE8604004D4F28 /* WeatherManager.swift in Sources */ = {isa = PBXBuildFile; fileRef = EB692C7524EE8604004D4F28 /* WeatherManager.swift */; };
		EB692C7924EEAB8D004D4F28 /* WeatherData.swift in Sources */ = {isa = PBXBuildFile; fileRef = EB692C7824EEAB8D004D4F28 /* WeatherData.swift */; };
/* End PBXBuildFile section */

/* Begin PBXFileReference section */
		EB004D2924EE0F83001A52D4 /* play2Weather.app */ = {isa = PBXFileReference; explicitFileType = wrapper.application; includeInIndex = 0; path = play2Weather.app; sourceTree = BUILT_PRODUCTS_DIR; };
		EB004D2C24EE0F83001A52D4 /* AppDelegate.swift */ = {isa = PBXFileReference; lastKnownFileType = sourcecode.swift; path = AppDelegate.swift; sourceTree = "<group>"; };
		EB004D2E24EE0F83001A52D4 /* SceneDelegate.swift */ = {isa = PBXFileReference; lastKnownFileType = sourcecode.swift; path = SceneDelegate.swift; sourceTree = "<group>"; };
		EB004D3024EE0F83001A52D4 /* ViewController.swift */ = {isa = PBXFileReference; lastKnownFileType = sourcecode.swift; path = ViewController.swift; sourceTree = "<group>"; };
		EB004D3324EE0F83001A52D4 /* Base */ = {isa = PBXFileReference; lastKnownFileType = file.storyboard; name = Base; path = Base.lproj/Main.storyboard; sourceTree = "<group>"; };
		EB004D3524EE0F84001A52D4 /* Assets.xcassets */ = {isa = PBXFileReference; lastKnownFileType = folder.assetcatalog; path = Assets.xcassets; sourceTree = "<group>"; };
		EB004D3824EE0F84001A52D4 /* Base */ = {isa = PBXFileReference; lastKnownFileType = file.storyboard; name = Base; path = Base.lproj/LaunchScreen.storyboard; sourceTree = "<group>"; };
		EB004D3A24EE0F84001A52D4 /* Info.plist */ = {isa = PBXFileReference; lastKnownFileType = text.plist.xml; path = Info.plist; sourceTree = "<group>"; };
		EB0A53B424EF6B2900E4F0B5 /* WeatherModel.swift */ = {isa = PBXFileReference; lastKnownFileType = sourcecode.swift; path = WeatherModel.swift; sourceTree = "<group>"; };
		EB692C7524EE8604004D4F28 /* WeatherManager.swift */ = {isa = PBXFileReference; lastKnownFileType = sourcecode.swift; path = WeatherManager.swift; sourceTree = "<group>"; };
		EB692C7824EEAB8D004D4F28 /* WeatherData.swift */ = {isa = PBXFileReference; lastKnownFileType = sourcecode.swift; path = WeatherData.swift; sourceTree = "<group>"; };
/* End PBXFileReference section */

/* Begin PBXFrameworksBuildPhase section */
		EB004D2624EE0F83001A52D4 /* Frameworks */ = {
			isa = PBXFrameworksBuildPhase;
			buildActionMask = 2147483647;
			files = (
			);
			runOnlyForDeploymentPostprocessing = 0;
		};
/* End PBXFrameworksBuildPhase section */

/* Begin PBXGroup section */
		EB004D2024EE0F83001A52D4 = {
			isa = PBXGroup;
			children = (
				EB004D2B24EE0F83001A52D4 /* play2Weather */,
				EB004D2A24EE0F83001A52D4 /* Products */,
			);
			sourceTree = "<group>";
		};
		EB004D2A24EE0F83001A52D4 /* Products */ = {
			isa = PBXGroup;
			children = (
				EB004D2924EE0F83001A52D4 /* play2Weather.app */,
			);
			name = Products;
			sourceTree = "<group>";
		};
		EB004D2B24EE0F83001A52D4 /* play2Weather */ = {
			isa = PBXGroup;
			children = (
				EB004D2C24EE0F83001A52D4 /* AppDelegate.swift */,
				EB004D2E24EE0F83001A52D4 /* SceneDelegate.swift */,
				EB692C7724EE860B004D4F28 /* Model */,
				EB692C7324EE858C004D4F28 /* View */,
				EB692C7424EE85A3004D4F28 /* Controller */,
				EB004D3524EE0F84001A52D4 /* Assets.xcassets */,
				EB004D3724EE0F84001A52D4 /* LaunchScreen.storyboard */,
				EB004D3A24EE0F84001A52D4 /* Info.plist */,
			);
			path = play2Weather;
			sourceTree = "<group>";
		};
		EB692C7324EE858C004D4F28 /* View */ = {
			isa = PBXGroup;
			children = (
				EB004D3224EE0F83001A52D4 /* Main.storyboard */,
			);
			path = View;
			sourceTree = "<group>";
		};
		EB692C7424EE85A3004D4F28 /* Controller */ = {
			isa = PBXGroup;
			children = (
				EB004D3024EE0F83001A52D4 /* ViewController.swift */,
			);
			path = Controller;
			sourceTree = "<group>";
		};
		EB692C7724EE860B004D4F28 /* Model */ = {
			isa = PBXGroup;
			children = (
				EB692C7524EE8604004D4F28 /* WeatherManager.swift */,
				EB692C7824EEAB8D004D4F28 /* WeatherData.swift */,
				EB0A53B424EF6B2900E4F0B5 /* WeatherModel.swift */,
			);
			path = Model;
			sourceTree = "<group>";
		};
/* End PBXGroup section */

/* Begin PBXNativeTarget section */
		EB004D2824EE0F83001A52D4 /* play2Weather */ = {
			isa = PBXNativeTarget;
			buildConfigurationList = EB004D3D24EE0F84001A52D4 /* Build configuration list for PBXNativeTarget "play2Weather" */;
			buildPhases = (
				EB004D2524EE0F83001A52D4 /* Sources */,
				EB004D2624EE0F83001A52D4 /* Frameworks */,
				EB004D2724EE0F83001A52D4 /* Resources */,
			);
			buildRules = (
			);
			dependencies = (
			);
			name = play2Weather;
			productName = play2Weather;
			productReference = EB004D2924EE0F83001A52D4 /* play2Weather.app */;
			productType = "com.apple.product-type.application";
		};
/* End PBXNativeTarget section */

/* Begin PBXProject section */
		EB004D2124EE0F83001A52D4 /* Project object */ = {
			isa = PBXProject;
			attributes = {
				LastSwiftUpdateCheck = 1160;
				LastUpgradeCheck = 1160;
				ORGANIZATIONNAME = "MD Tanvir Alam";
				TargetAttributes = {
					EB004D2824EE0F83001A52D4 = {
						CreatedOnToolsVersion = 11.6;
					};
				};
			};
			buildConfigurationList = EB004D2424EE0F83001A52D4 /* Build configuration list for PBXProject "play2Weather" */;
			compatibilityVersion = "Xcode 9.3";
			developmentRegion = en;
			hasScannedForEncodings = 0;
			knownRegions = (
				en,
				Base,
			);
			mainGroup = EB004D2024EE0F83001A52D4;
			productRefGroup = EB004D2A24EE0F83001A52D4 /* Products */;
			projectDirPath = "";
			projectRoot = "";
			targets = (
				EB004D2824EE0F83001A52D4 /* play2Weather */,
			);
		};
/* End PBXProject section */

/* Begin PBXResourcesBuildPhase section */
		EB004D2724EE0F83001A52D4 /* Resources */ = {
			isa = PBXResourcesBuildPhase;
			buildActionMask = 2147483647;
			files = (
				EB004D3924EE0F84001A52D4 /* LaunchScreen.storyboard in Resources */,
				EB004D3624EE0F84001A52D4 /* Assets.xcassets in Resources */,
				EB004D3424EE0F83001A52D4 /* Main.storyboard in Resources */,
			);
			runOnlyForDeploymentPostprocessing = 0;
		};
/* End PBXResourcesBuildPhase section */

/* Begin PBXSourcesBuildPhase section */
		EB004D2524EE0F83001A52D4 /* Sources */ = {
			isa = PBXSourcesBuildPhase;
			buildActionMask = 2147483647;
			files = (
				EB004D3124EE0F83001A52D4 /* ViewController.swift in Sources */,
				EB692C7924EEAB8D004D4F28 /* WeatherData.swift in Sources */,
				EB004D2D24EE0F83001A52D4 /* AppDelegate.swift in Sources */,
				EB692C7624EE8604004D4F28 /* WeatherManager.swift in Sources */,
				EB0A53B524EF6B2900E4F0B5 /* WeatherModel.swift in Sources */,
				EB004D2F24EE0F83001A52D4 /* SceneDelegate.swift in Sources */,
			);
			runOnlyForDeploymentPostprocessing = 0;
		};
/* End PBXSourcesBuildPhase section */

/* Begin PBXVariantGroup section */
		EB004D3224EE0F83001A52D4 /* Main.storyboard */ = {
			isa = PBXVariantGroup;
			children = (
				EB004D3324EE0F83001A52D4 /* Base */,
			);
			name = Main.storyboard;
			sourceTree = "<group>";
		};
		EB004D3724EE0F84001A52D4 /* LaunchScreen.storyboard */ = {
			isa = PBXVariantGroup;
			children = (
				EB004D3824EE0F84001A52D4 /* Base */,
			);
			name = LaunchScreen.storyboard;
			sourceTree = "<group>";
		};
/* End PBXVariantGroup section */

/* Begin XCBuildConfiguration section */
		EB004D3B24EE0F84001A52D4 /* Debug */ = {
			isa = XCBuildConfiguration;
			buildSettings = {
				ALWAYS_SEARCH_USER_PATHS = NO;
				CLANG_ANALYZER_NONNULL = YES;
				CLANG_ANALYZER_NUMBER_OBJECT_CONVERSION = YES_AGGRESSIVE;
				CLANG_CXX_LANGUAGE_STANDARD = "gnu++14";
				CLANG_CXX_LIBRARY = "libc++";
				CLANG_ENABLE_MODULES = YES;
				CLANG_ENABLE_OBJC_ARC = YES;
				CLANG_ENABLE_OBJC_WEAK = YES;
				CLANG_WARN_BLOCK_CAPTURE_AUTORELEASING = YES;
				CLANG_WARN_BOOL_CONVERSION = YES;
				CLANG_WARN_COMMA = YES;
				CLANG_WARN_CONSTANT_CONVERSION = YES;
				CLANG_WARN_DEPRECATED_OBJC_IMPLEMENTATIONS = YES;
				CLANG_WARN_DIRECT_OBJC_ISA_USAGE = YES_ERROR;
				CLANG_WARN_DOCUMENTATION_COMMENTS = YES;
				CLANG_WARN_EMPTY_BODY = YES;
				CLANG_WARN_ENUM_CONVERSION = YES;
				CLANG_WARN_INFINITE_RECURSION = YES;
				CLANG_WARN_INT_CONVERSION = YES;
				CLANG_WARN_NON_LITERAL_NULL_CONVERSION = YES;
				CLANG_WARN_OBJC_IMPLICIT_RETAIN_SELF = YES;
				CLANG_WARN_OBJC_LITERAL_CONVERSION = YES;
				CLANG_WARN_OBJC_ROOT_CLASS = YES_ERROR;
				CLANG_WARN_RANGE_LOOP_ANALYSIS = YES;
				CLANG_WARN_STRICT_PROTOTYPES = YES;
				CLANG_WARN_SUSPICIOUS_MOVE = YES;
				CLANG_WARN_UNGUARDED_AVAILABILITY = YES_AGGRESSIVE;
				CLANG_WARN_UNREACHABLE_CODE = YES;
				CLANG_WARN__DUPLICATE_METHOD_MATCH = YES;
				COPY_PHASE_STRIP = NO;
				DEBUG_INFORMATION_FORMAT = dwarf;
				ENABLE_STRICT_OBJC_MSGSEND = YES;
				ENABLE_TESTABILITY = YES;
				GCC_C_LANGUAGE_STANDARD = gnu11;
				GCC_DYNAMIC_NO_PIC = NO;
				GCC_NO_COMMON_BLOCKS = YES;
				GCC_OPTIMIZATION_LEVEL = 0;
				GCC_PREPROCESSOR_DEFINITIONS = (
					"DEBUG=1",
					"$(inherited)",
				);
				GCC_WARN_64_TO_32_BIT_CONVERSION = YES;
				GCC_WARN_ABOUT_RETURN_TYPE = YES_ERROR;
				GCC_WARN_UNDECLARED_SELECTOR = YES;
				GCC_WARN_UNINITIALIZED_AUTOS = YES_AGGRESSIVE;
				GCC_WARN_UNUSED_FUNCTION = YES;
				GCC_WARN_UNUSED_VARIABLE = YES;
				IPHONEOS_DEPLOYMENT_TARGET = 13.6;
				MTL_ENABLE_DEBUG_INFO = INCLUDE_SOURCE;
				MTL_FAST_MATH = YES;
				ONLY_ACTIVE_ARCH = YES;
				SDKROOT = iphoneos;
				SWIFT_ACTIVE_COMPILATION_CONDITIONS = DEBUG;
				SWIFT_OPTIMIZATION_LEVEL = "-Onone";
			};
			name = Debug;
		};
		EB004D3C24EE0F84001A52D4 /* Release */ = {
			isa = XCBuildConfiguration;
			buildSettings = {
				ALWAYS_SEARCH_USER_PATHS = NO;
				CLANG_ANALYZER_NONNULL = YES;
				CLANG_ANALYZER_NUMBER_OBJECT_CONVERSION = YES_AGGRESSIVE;
				CLANG_CXX_LANGUAGE_STANDARD = "gnu++14";
				CLANG_CXX_LIBRARY = "libc++";
				CLANG_ENABLE_MODULES = YES;
				CLANG_ENABLE_OBJC_ARC = YES;
				CLANG_ENABLE_OBJC_WEAK = YES;
				CLANG_WARN_BLOCK_CAPTURE_AUTORELEASING = YES;
				CLANG_WARN_BOOL_CONVERSION = YES;
				CLANG_WARN_COMMA = YES;
				CLANG_WARN_CONSTANT_CONVERSION = YES;
				CLANG_WARN_DEPRECATED_OBJC_IMPLEMENTATIONS = YES;
				CLANG_WARN_DIRECT_OBJC_ISA_USAGE = YES_ERROR;
				CLANG_WARN_DOCUMENTATION_COMMENTS = YES;
				CLANG_WARN_EMPTY_BODY = YES;
				CLANG_WARN_ENUM_CONVERSION = YES;
				CLANG_WARN_INFINITE_RECURSION = YES;
				CLANG_WARN_INT_CONVERSION = YES;
				CLANG_WARN_NON_LITERAL_NULL_CONVERSION = YES;
				CLANG_WARN_OBJC_IMPLICIT_RETAIN_SELF = YES;
				CLANG_WARN_OBJC_LITERAL_CONVERSION = YES;
				CLANG_WARN_OBJC_ROOT_CLASS = YES_ERROR;
				CLANG_WARN_RANGE_LOOP_ANALYSIS = YES;
				CLANG_WARN_STRICT_PROTOTYPES = YES;
				CLANG_WARN_SUSPICIOUS_MOVE = YES;
				CLANG_WARN_UNGUARDED_AVAILABILITY = YES_AGGRESSIVE;
				CLANG_WARN_UNREACHABLE_CODE = YES;
				CLANG_WARN__DUPLICATE_METHOD_MATCH = YES;
				COPY_PHASE_STRIP = NO;
				DEBUG_INFORMATION_FORMAT = "dwarf-with-dsym";
				ENABLE_NS_ASSERTIONS = NO;
				ENABLE_STRICT_OBJC_MSGSEND = YES;
				GCC_C_LANGUAGE_STANDARD = gnu11;
				GCC_NO_COMMON_BLOCKS = YES;
				GCC_WARN_64_TO_32_BIT_CONVERSION = YES;
				GCC_WARN_ABOUT_RETURN_TYPE = YES_ERROR;
				GCC_WARN_UNDECLARED_SELECTOR = YES;
				GCC_WARN_UNINITIALIZED_AUTOS = YES_AGGRESSIVE;
				GCC_WARN_UNUSED_FUNCTION = YES;
				GCC_WARN_UNUSED_VARIABLE = YES;
				IPHONEOS_DEPLOYMENT_TARGET = 13.6;
				MTL_ENABLE_DEBUG_INFO = NO;
				MTL_FAST_MATH = YES;
				SDKROOT = iphoneos;
				SWIFT_COMPILATION_MODE = wholemodule;
				SWIFT_OPTIMIZATION_LEVEL = "-O";
				VALIDATE_PRODUCT = YES;
			};
			name = Release;
		};
		EB004D3E24EE0F84001A52D4 /* Debug */ = {
			isa = XCBuildConfiguration;
			buildSettings = {
				ASSETCATALOG_COMPILER_APPICON_NAME = AppIcon;
				CODE_SIGN_STYLE = Automatic;
				DEVELOPMENT_TEAM = K924X73642;
				INFOPLIST_FILE = play2Weather/Info.plist;
				LD_RUNPATH_SEARCH_PATHS = (
					"$(inherited)",
					"@executable_path/Frameworks",
				);
				PRODUCT_BUNDLE_IDENTIFIER = com.tanvirgeek.play2Weather;
				PRODUCT_NAME = "$(TARGET_NAME)";
				SWIFT_VERSION = 5.0;
				TARGETED_DEVICE_FAMILY = "1,2";
			};
			name = Debug;
		};
		EB004D3F24EE0F84001A52D4 /* Release */ = {
			isa = XCBuildConfiguration;
			buildSettings = {
				ASSETCATALOG_COMPILER_APPICON_NAME = AppIcon;
				CODE_SIGN_STYLE = Automatic;
				DEVELOPMENT_TEAM = K924X73642;
				INFOPLIST_FILE = play2Weather/Info.plist;
				LD_RUNPATH_SEARCH_PATHS = (
					"$(inherited)",
					"@executable_path/Frameworks",
				);
				PRODUCT_BUNDLE_IDENTIFIER = com.tanvirgeek.play2Weather;
				PRODUCT_NAME = "$(TARGET_NAME)";
				SWIFT_VERSION = 5.0;
				TARGETED_DEVICE_FAMILY = "1,2";
			};
			name = Release;
		};
/* End XCBuildConfiguration section */

/* Begin XCConfigurationList section */
		EB004D2424EE0F83001A52D4 /* Build configuration list for PBXProject "play2Weather" */ = {
			isa = XCConfigurationList;
			buildConfigurations = (
				EB004D3B24EE0F84001A52D4 /* Debug */,
				EB004D3C24EE0F84001A52D4 /* Release */,
			);
			defaultConfigurationIsVisible = 0;
			defaultConfigurationName = Release;
		};
		EB004D3D24EE0F84001A52D4 /* Build configuration list for PBXNativeTarget "play2Weather" */ = {
			isa = XCConfigurationList;
			buildConfigurations = (
				EB004D3E24EE0F84001A52D4 /* Debug */,
				EB004D3F24EE0F84001A52D4 /* Release */,
			);
			defaultConfigurationIsVisible = 0;
			defaultConfigurationName = Release;
		};
/* End XCConfigurationList section */
	};
	rootObject = EB004D2124EE0F83001A52D4 /* Project object */;
}
